// !$*UTF8*$!
{
	archiveVersion = 1;
	classes = {
	};
	objectVersion = 50;
	objects = {

/* Begin PBXBuildFile section */
		E720008521DE19C500F7EB96 /* Main.storyboard in Resources */ = {isa = PBXBuildFile; fileRef = E720008321DE19C500F7EB96 /* Main.storyboard */; };
		E720008721DE19C700F7EB96 /* Assets.xcassets in Resources */ = {isa = PBXBuildFile; fileRef = E720008621DE19C700F7EB96 /* Assets.xcassets */; };
		E720008A21DE19C700F7EB96 /* LaunchScreen.storyboard in Resources */ = {isa = PBXBuildFile; fileRef = E720008821DE19C700F7EB96 /* LaunchScreen.storyboard */; };
		E720008D21DE19C700F7EB96 /* main.m in Sources */ = {isa = PBXBuildFile; fileRef = E720008C21DE19C700F7EB96 /* main.m */; };
		E720009721DE19C700F7EB96 /* CalculatorTaskTests.m in Sources */ = {isa = PBXBuildFile; fileRef = E720009621DE19C700F7EB96 /* CalculatorTaskTests.m */; };
		E72000A221DE19C700F7EB96 /* CalculatorTaskUITests.m in Sources */ = {isa = PBXBuildFile; fileRef = E72000A121DE19C700F7EB96 /* CalculatorTaskUITests.m */; };
		E7556D3721DF829900E21EAC /* AppDelegate.m in Sources */ = {isa = PBXBuildFile; fileRef = E7556D3621DF829900E21EAC /* AppDelegate.m */; };
		E7556D3F21DF82E100E21EAC /* RoundRect.m in Sources */ = {isa = PBXBuildFile; fileRef = E7556D3B21DF82E100E21EAC /* RoundRect.m */; };
		E7556D4021DF82E100E21EAC /* ViewController.m in Sources */ = {isa = PBXBuildFile; fileRef = E7556D3D21DF82E100E21EAC /* ViewController.m */; };
/* End PBXBuildFile section */

/* Begin PBXContainerItemProxy section */
		E720009321DE19C700F7EB96 /* PBXContainerItemProxy */ = {
			isa = PBXContainerItemProxy;
			containerPortal = E720007221DE19C500F7EB96 /* Project object */;
			proxyType = 1;
			remoteGlobalIDString = E720007921DE19C500F7EB96;
			remoteInfo = CalculatorTask;
		};
		E720009E21DE19C700F7EB96 /* PBXContainerItemProxy */ = {
			isa = PBXContainerItemProxy;
			containerPortal = E720007221DE19C500F7EB96 /* Project object */;
			proxyType = 1;
			remoteGlobalIDString = E720007921DE19C500F7EB96;
			remoteInfo = CalculatorTask;
		};
/* End PBXContainerItemProxy section */

/* Begin PBXFileReference section */
		E720007A21DE19C500F7EB96 /* CalculatorTask.app */ = {isa = PBXFileReference; explicitFileType = wrapper.application; includeInIndex = 0; path = CalculatorTask.app; sourceTree = BUILT_PRODUCTS_DIR; };
		E720008421DE19C500F7EB96 /* Base */ = {isa = PBXFileReference; lastKnownFileType = file.storyboard; name = Base; path = Base.lproj/Main.storyboard; sourceTree = "<group>"; };
		E720008621DE19C700F7EB96 /* Assets.xcassets */ = {isa = PBXFileReference; lastKnownFileType = folder.assetcatalog; path = Assets.xcassets; sourceTree = "<group>"; };
		E720008921DE19C700F7EB96 /* Base */ = {isa = PBXFileReference; lastKnownFileType = file.storyboard; name = Base; path = Base.lproj/LaunchScreen.storyboard; sourceTree = "<group>"; };
		E720008B21DE19C700F7EB96 /* Info.plist */ = {isa = PBXFileReference; lastKnownFileType = text.plist.xml; path = Info.plist; sourceTree = "<group>"; };
		E720008C21DE19C700F7EB96 /* main.m */ = {isa = PBXFileReference; lastKnownFileType = sourcecode.c.objc; path = main.m; sourceTree = "<group>"; };
		E720009221DE19C700F7EB96 /* CalculatorTaskTests.xctest */ = {isa = PBXFileReference; explicitFileType = wrapper.cfbundle; includeInIndex = 0; path = CalculatorTaskTests.xctest; sourceTree = BUILT_PRODUCTS_DIR; };
		E720009621DE19C700F7EB96 /* CalculatorTaskTests.m */ = {isa = PBXFileReference; lastKnownFileType = sourcecode.c.objc; path = CalculatorTaskTests.m; sourceTree = "<group>"; };
		E720009821DE19C700F7EB96 /* Info.plist */ = {isa = PBXFileReference; lastKnownFileType = text.plist.xml; path = Info.plist; sourceTree = "<group>"; };
		E720009D21DE19C700F7EB96 /* CalculatorTaskUITests.xctest */ = {isa = PBXFileReference; explicitFileType = wrapper.cfbundle; includeInIndex = 0; path = CalculatorTaskUITests.xctest; sourceTree = BUILT_PRODUCTS_DIR; };
		E72000A121DE19C700F7EB96 /* CalculatorTaskUITests.m */ = {isa = PBXFileReference; lastKnownFileType = sourcecode.c.objc; path = CalculatorTaskUITests.m; sourceTree = "<group>"; };
		E72000A321DE19C700F7EB96 /* Info.plist */ = {isa = PBXFileReference; lastKnownFileType = text.plist.xml; path = Info.plist; sourceTree = "<group>"; };
		E7556D3521DF829900E21EAC /* AppDelegate.h */ = {isa = PBXFileReference; fileEncoding = 4; lastKnownFileType = sourcecode.c.h; path = AppDelegate.h; sourceTree = "<group>"; };
		E7556D3621DF829900E21EAC /* AppDelegate.m */ = {isa = PBXFileReference; fileEncoding = 4; lastKnownFileType = sourcecode.c.objc; path = AppDelegate.m; sourceTree = "<group>"; };
		E7556D3A21DF82E100E21EAC /* RoundRect.h */ = {isa = PBXFileReference; fileEncoding = 4; lastKnownFileType = sourcecode.c.h; path = RoundRect.h; sourceTree = "<group>"; };
		E7556D3B21DF82E100E21EAC /* RoundRect.m */ = {isa = PBXFileReference; fileEncoding = 4; lastKnownFileType = sourcecode.c.objc; path = RoundRect.m; sourceTree = "<group>"; };
		E7556D3D21DF82E100E21EAC /* ViewController.m */ = {isa = PBXFileReference; fileEncoding = 4; lastKnownFileType = sourcecode.c.objc; path = ViewController.m; sourceTree = "<group>"; };
		E7556D3E21DF82E100E21EAC /* ViewController.h */ = {isa = PBXFileReference; fileEncoding = 4; lastKnownFileType = sourcecode.c.h; path = ViewController.h; sourceTree = "<group>"; };
/* End PBXFileReference section */

/* Begin PBXFrameworksBuildPhase section */
		E720007721DE19C500F7EB96 /* Frameworks */ = {
			isa = PBXFrameworksBuildPhase;
			buildActionMask = 2147483647;
			files = (
			);
			runOnlyForDeploymentPostprocessing = 0;
		};
		E720008F21DE19C700F7EB96 /* Frameworks */ = {
			isa = PBXFrameworksBuildPhase;
			buildActionMask = 2147483647;
			files = (
			);
			runOnlyForDeploymentPostprocessing = 0;
		};
		E720009A21DE19C700F7EB96 /* Frameworks */ = {
			isa = PBXFrameworksBuildPhase;
			buildActionMask = 2147483647;
			files = (
			);
			runOnlyForDeploymentPostprocessing = 0;
		};
/* End PBXFrameworksBuildPhase section */

/* Begin PBXGroup section */
		E720007121DE19C500F7EB96 = {
			isa = PBXGroup;
			children = (
				E720007C21DE19C500F7EB96 /* CalculatorTask */,
				E720009521DE19C700F7EB96 /* CalculatorTaskTests */,
				E72000A021DE19C700F7EB96 /* CalculatorTaskUITests */,
				E720007B21DE19C500F7EB96 /* Products */,
			);
			sourceTree = "<group>";
		};
		E720007B21DE19C500F7EB96 /* Products */ = {
			isa = PBXGroup;
			children = (
				E720007A21DE19C500F7EB96 /* CalculatorTask.app */,
				E720009221DE19C700F7EB96 /* CalculatorTaskTests.xctest */,
				E720009D21DE19C700F7EB96 /* CalculatorTaskUITests.xctest */,
			);
			name = Products;
			sourceTree = "<group>";
		};
		E720007C21DE19C500F7EB96 /* CalculatorTask */ = {
			isa = PBXGroup;
			children = (
				E7556D3421DF829900E21EAC /* AppDelegate */,
				E7556D3821DF82E100E21EAC /* ControllerClasses */,
				E7556D4121DF82FA00E21EAC /* NativeFiles */,
				E720008B21DE19C700F7EB96 /* Info.plist */,
				E720008C21DE19C700F7EB96 /* main.m */,
			);
			path = CalculatorTask;
			sourceTree = "<group>";
		};
		E720009521DE19C700F7EB96 /* CalculatorTaskTests */ = {
			isa = PBXGroup;
			children = (
				E720009621DE19C700F7EB96 /* CalculatorTaskTests.m */,
				E720009821DE19C700F7EB96 /* Info.plist */,
			);
			path = CalculatorTaskTests;
			sourceTree = "<group>";
		};
		E72000A021DE19C700F7EB96 /* CalculatorTaskUITests */ = {
			isa = PBXGroup;
			children = (
				E72000A121DE19C700F7EB96 /* CalculatorTaskUITests.m */,
				E72000A321DE19C700F7EB96 /* Info.plist */,
			);
			path = CalculatorTaskUITests;
			sourceTree = "<group>";
		};
		E7556D3421DF829900E21EAC /* AppDelegate */ = {
			isa = PBXGroup;
			children = (
				E7556D3521DF829900E21EAC /* AppDelegate.h */,
				E7556D3621DF829900E21EAC /* AppDelegate.m */,
			);
			path = AppDelegate;
			sourceTree = "<group>";
		};
		E7556D3821DF82E100E21EAC /* ControllerClasses */ = {
			isa = PBXGroup;
			children = (
				E7556D3921DF82E100E21EAC /* RoundRect */,
				E7556D3C21DF82E100E21EAC /* ViewController */,
			);
			path = ControllerClasses;
			sourceTree = "<group>";
		};
		E7556D3921DF82E100E21EAC /* RoundRect */ = {
			isa = PBXGroup;
			children = (
				E7556D3A21DF82E100E21EAC /* RoundRect.h */,
				E7556D3B21DF82E100E21EAC /* RoundRect.m */,
			);
			path = RoundRect;
			sourceTree = "<group>";
		};
		E7556D3C21DF82E100E21EAC /* ViewController */ = {
			isa = PBXGroup;
			children = (
				E7556D3E21DF82E100E21EAC /* ViewController.h */,
				E7556D3D21DF82E100E21EAC /* ViewController.m */,
			);
			path = ViewController;
			sourceTree = "<group>";
		};
		E7556D4121DF82FA00E21EAC /* NativeFiles */ = {
			isa = PBXGroup;
			children = (
				E720008321DE19C500F7EB96 /* Main.storyboard */,
				E720008621DE19C700F7EB96 /* Assets.xcassets */,
				E720008821DE19C700F7EB96 /* LaunchScreen.storyboard */,
			);
			path = NativeFiles;
			sourceTree = "<group>";
		};
/* End PBXGroup section */

/* Begin PBXNativeTarget section */
		E720007921DE19C500F7EB96 /* CalculatorTask */ = {
			isa = PBXNativeTarget;
			buildConfigurationList = E72000A621DE19C700F7EB96 /* Build configuration list for PBXNativeTarget "CalculatorTask" */;
			buildPhases = (
				E720007621DE19C500F7EB96 /* Sources */,
				E720007721DE19C500F7EB96 /* Frameworks */,
				E720007821DE19C500F7EB96 /* Resources */,
			);
			buildRules = (
			);
			dependencies = (
			);
			name = CalculatorTask;
			productName = CalculatorTask;
			productReference = E720007A21DE19C500F7EB96 /* CalculatorTask.app */;
			productType = "com.apple.product-type.application";
		};
		E720009121DE19C700F7EB96 /* CalculatorTaskTests */ = {
			isa = PBXNativeTarget;
			buildConfigurationList = E72000A921DE19C700F7EB96 /* Build configuration list for PBXNativeTarget "CalculatorTaskTests" */;
			buildPhases = (
				E720008E21DE19C700F7EB96 /* Sources */,
				E720008F21DE19C700F7EB96 /* Frameworks */,
				E720009021DE19C700F7EB96 /* Resources */,
			);
			buildRules = (
			);
			dependencies = (
				E720009421DE19C700F7EB96 /* PBXTargetDependency */,
			);
			name = CalculatorTaskTests;
			productName = CalculatorTaskTests;
			productReference = E720009221DE19C700F7EB96 /* CalculatorTaskTests.xctest */;
			productType = "com.apple.product-type.bundle.unit-test";
		};
		E720009C21DE19C700F7EB96 /* CalculatorTaskUITests */ = {
			isa = PBXNativeTarget;
			buildConfigurationList = E72000AC21DE19C700F7EB96 /* Build configuration list for PBXNativeTarget "CalculatorTaskUITests" */;
			buildPhases = (
				E720009921DE19C700F7EB96 /* Sources */,
				E720009A21DE19C700F7EB96 /* Frameworks */,
				E720009B21DE19C700F7EB96 /* Resources */,
			);
			buildRules = (
			);
			dependencies = (
				E720009F21DE19C700F7EB96 /* PBXTargetDependency */,
			);
			name = CalculatorTaskUITests;
			productName = CalculatorTaskUITests;
			productReference = E720009D21DE19C700F7EB96 /* CalculatorTaskUITests.xctest */;
			productType = "com.apple.product-type.bundle.ui-testing";
		};
/* End PBXNativeTarget section */

/* Begin PBXProject section */
		E720007221DE19C500F7EB96 /* Project object */ = {
			isa = PBXProject;
			attributes = {
				LastUpgradeCheck = 1010;
				ORGANIZATIONNAME = Pratibha;
				TargetAttributes = {
					E720007921DE19C500F7EB96 = {
						CreatedOnToolsVersion = 10.1;
					};
					E720009121DE19C700F7EB96 = {
						CreatedOnToolsVersion = 10.1;
						TestTargetID = E720007921DE19C500F7EB96;
					};
					E720009C21DE19C700F7EB96 = {
						CreatedOnToolsVersion = 10.1;
						TestTargetID = E720007921DE19C500F7EB96;
					};
				};
			};
			buildConfigurationList = E720007521DE19C500F7EB96 /* Build configuration list for PBXProject "CalculatorTask" */;
			compatibilityVersion = "Xcode 9.3";
			developmentRegion = en;
			hasScannedForEncodings = 0;
			knownRegions = (
				en,
				Base,
			);
			mainGroup = E720007121DE19C500F7EB96;
			productRefGroup = E720007B21DE19C500F7EB96 /* Products */;
			projectDirPath = "";
			projectRoot = "";
			targets = (
				E720007921DE19C500F7EB96 /* CalculatorTask */,
				E720009121DE19C700F7EB96 /* CalculatorTaskTests */,
				E720009C21DE19C700F7EB96 /* CalculatorTaskUITests */,
			);
		};
/* End PBXProject section */

/* Begin PBXResourcesBuildPhase section */
		E720007821DE19C500F7EB96 /* Resources */ = {
			isa = PBXResourcesBuildPhase;
			buildActionMask = 2147483647;
			files = (
				E720008A21DE19C700F7EB96 /* LaunchScreen.storyboard in Resources */,
				E720008721DE19C700F7EB96 /* Assets.xcassets in Resources */,
				E720008521DE19C500F7EB96 /* Main.storyboard in Resources */,
			);
			runOnlyForDeploymentPostprocessing = 0;
		};
		E720009021DE19C700F7EB96 /* Resources */ = {
			isa = PBXResourcesBuildPhase;
			buildActionMask = 2147483647;
			files = (
			);
			runOnlyForDeploymentPostprocessing = 0;
		};
		E720009B21DE19C700F7EB96 /* Resources */ = {
			isa = PBXResourcesBuildPhase;
			buildActionMask = 2147483647;
			files = (
			);
			runOnlyForDeploymentPostprocessing = 0;
		};
/* End PBXResourcesBuildPhase section */

/* Begin PBXSourcesBuildPhase section */
		E720007621DE19C500F7EB96 /* Sources */ = {
			isa = PBXSourcesBuildPhase;
			buildActionMask = 2147483647;
			files = (
				E7556D3721DF829900E21EAC /* AppDelegate.m in Sources */,
				E7556D3F21DF82E100E21EAC /* RoundRect.m in Sources */,
				E7556D4021DF82E100E21EAC /* ViewController.m in Sources */,
				E720008D21DE19C700F7EB96 /* main.m in Sources */,
			);
			runOnlyForDeploymentPostprocessing = 0;
		};
		E720008E21DE19C700F7EB96 /* Sources */ = {
			isa = PBXSourcesBuildPhase;
			buildActionMask = 2147483647;
			files = (
				E720009721DE19C700F7EB96 /* CalculatorTaskTests.m in Sources */,
			);
			runOnlyForDeploymentPostprocessing = 0;
		};
		E720009921DE19C700F7EB96 /* Sources */ = {
			isa = PBXSourcesBuildPhase;
			buildActionMask = 2147483647;
			files = (
				E72000A221DE19C700F7EB96 /* CalculatorTaskUITests.m in Sources */,
			);
			runOnlyForDeploymentPostprocessing = 0;
		};
/* End PBXSourcesBuildPhase section */

/* Begin PBXTargetDependency section */
		E720009421DE19C700F7EB96 /* PBXTargetDependency */ = {
			isa = PBXTargetDependency;
			target = E720007921DE19C500F7EB96 /* CalculatorTask */;
			targetProxy = E720009321DE19C700F7EB96 /* PBXContainerItemProxy */;
		};
		E720009F21DE19C700F7EB96 /* PBXTargetDependency */ = {
			isa = PBXTargetDependency;
			target = E720007921DE19C500F7EB96 /* CalculatorTask */;
			targetProxy = E720009E21DE19C700F7EB96 /* PBXContainerItemProxy */;
		};
/* End PBXTargetDependency section */

/* Begin PBXVariantGroup section */
		E720008321DE19C500F7EB96 /* Main.storyboard */ = {
			isa = PBXVariantGroup;
			children = (
				E720008421DE19C500F7EB96 /* Base */,
			);
			name = Main.storyboard;
			sourceTree = "<group>";
		};
		E720008821DE19C700F7EB96 /* LaunchScreen.storyboard */ = {
			isa = PBXVariantGroup;
			children = (
				E720008921DE19C700F7EB96 /* Base */,
			);
			name = LaunchScreen.storyboard;
			sourceTree = "<group>";
		};
/* End PBXVariantGroup section */

/* Begin XCBuildConfiguration section */
		E72000A421DE19C700F7EB96 /* Debug */ = {
			isa = XCBuildConfiguration;
			buildSettings = {
				ALWAYS_SEARCH_USER_PATHS = NO;
				CLANG_ANALYZER_NONNULL = YES;
				CLANG_ANALYZER_NUMBER_OBJECT_CONVERSION = YES_AGGRESSIVE;
				CLANG_CXX_LANGUAGE_STANDARD = "gnu++14";
				CLANG_CXX_LIBRARY = "libc++";
				CLANG_ENABLE_MODULES = YES;
				CLANG_ENABLE_OBJC_ARC = YES;
				CLANG_ENABLE_OBJC_WEAK = YES;
				CLANG_WARN_BLOCK_CAPTURE_AUTORELEASING = YES;
				CLANG_WARN_BOOL_CONVERSION = YES;
				CLANG_WARN_COMMA = YES;
				CLANG_WARN_CONSTANT_CONVERSION = YES;
				CLANG_WARN_DEPRECATED_OBJC_IMPLEMENTATIONS = YES;
				CLANG_WARN_DIRECT_OBJC_ISA_USAGE = YES_ERROR;
				CLANG_WARN_DOCUMENTATION_COMMENTS = YES;
				CLANG_WARN_EMPTY_BODY = YES;
				CLANG_WARN_ENUM_CONVERSION = YES;
				CLANG_WARN_INFINITE_RECURSION = YES;
				CLANG_WARN_INT_CONVERSION = YES;
				CLANG_WARN_NON_LITERAL_NULL_CONVERSION = YES;
				CLANG_WARN_OBJC_IMPLICIT_RETAIN_SELF = YES;
				CLANG_WARN_OBJC_LITERAL_CONVERSION = YES;
				CLANG_WARN_OBJC_ROOT_CLASS = YES_ERROR;
				CLANG_WARN_RANGE_LOOP_ANALYSIS = YES;
				CLANG_WARN_STRICT_PROTOTYPES = YES;
				CLANG_WARN_SUSPICIOUS_MOVE = YES;
				CLANG_WARN_UNGUARDED_AVAILABILITY = YES_AGGRESSIVE;
				CLANG_WARN_UNREACHABLE_CODE = YES;
				CLANG_WARN__DUPLICATE_METHOD_MATCH = YES;
				CODE_SIGN_IDENTITY = "iPhone Developer";
				COPY_PHASE_STRIP = NO;
				DEBUG_INFORMATION_FORMAT = dwarf;
				ENABLE_STRICT_OBJC_MSGSEND = YES;
				ENABLE_TESTABILITY = YES;
				GCC_C_LANGUAGE_STANDARD = gnu11;
				GCC_DYNAMIC_NO_PIC = NO;
				GCC_NO_COMMON_BLOCKS = YES;
				GCC_OPTIMIZATION_LEVEL = 0;
				GCC_PREPROCESSOR_DEFINITIONS = (
					"DEBUG=1",
					"$(inherited)",
				);
				GCC_WARN_64_TO_32_BIT_CONVERSION = YES;
				GCC_WARN_ABOUT_RETURN_TYPE = YES_ERROR;
				GCC_WARN_UNDECLARED_SELECTOR = YES;
				GCC_WARN_UNINITIALIZED_AUTOS = YES_AGGRESSIVE;
				GCC_WARN_UNUSED_FUNCTION = YES;
				GCC_WARN_UNUSED_VARIABLE = YES;
				IPHONEOS_DEPLOYMENT_TARGET = 12.1;
				MTL_ENABLE_DEBUG_INFO = INCLUDE_SOURCE;
				MTL_FAST_MATH = YES;
				ONLY_ACTIVE_ARCH = YES;
				SDKROOT = iphoneos;
			};
			name = Debug;
		};
		E72000A521DE19C700F7EB96 /* Release */ = {
			isa = XCBuildConfiguration;
			buildSettings = {
				ALWAYS_SEARCH_USER_PATHS = NO;
				CLANG_ANALYZER_NONNULL = YES;
				CLANG_ANALYZER_NUMBER_OBJECT_CONVERSION = YES_AGGRESSIVE;
				CLANG_CXX_LANGUAGE_STANDARD = "gnu++14";
				CLANG_CXX_LIBRARY = "libc++";
				CLANG_ENABLE_MODULES = YES;
				CLANG_ENABLE_OBJC_ARC = YES;
				CLANG_ENABLE_OBJC_WEAK = YES;
				CLANG_WARN_BLOCK_CAPTURE_AUTORELEASING = YES;
				CLANG_WARN_BOOL_CONVERSION = YES;
				CLANG_WARN_COMMA = YES;
				CLANG_WARN_CONSTANT_CONVERSION = YES;
				CLANG_WARN_DEPRECATED_OBJC_IMPLEMENTATIONS = YES;
				CLANG_WARN_DIRECT_OBJC_ISA_USAGE = YES_ERROR;
				CLANG_WARN_DOCUMENTATION_COMMENTS = YES;
				CLANG_WARN_EMPTY_BODY = YES;
				CLANG_WARN_ENUM_CONVERSION = YES;
				CLANG_WARN_INFINITE_RECURSION = YES;
				CLANG_WARN_INT_CONVERSION = YES;
				CLANG_WARN_NON_LITERAL_NULL_CONVERSION = YES;
				CLANG_WARN_OBJC_IMPLICIT_RETAIN_SELF = YES;
				CLANG_WARN_OBJC_LITERAL_CONVERSION = YES;
				CLANG_WARN_OBJC_ROOT_CLASS = YES_ERROR;
				CLANG_WARN_RANGE_LOOP_ANALYSIS = YES;
				CLANG_WARN_STRICT_PROTOTYPES = YES;
				CLANG_WARN_SUSPICIOUS_MOVE = YES;
				CLANG_WARN_UNGUARDED_AVAILABILITY = YES_AGGRESSIVE;
				CLANG_WARN_UNREACHABLE_CODE = YES;
				CLANG_WARN__DUPLICATE_METHOD_MATCH = YES;
				CODE_SIGN_IDENTITY = "iPhone Developer";
				COPY_PHASE_STRIP = NO;
				DEBUG_INFORMATION_FORMAT = "dwarf-with-dsym";
				ENABLE_NS_ASSERTIONS = NO;
				ENABLE_STRICT_OBJC_MSGSEND = YES;
				GCC_C_LANGUAGE_STANDARD = gnu11;
				GCC_NO_COMMON_BLOCKS = YES;
				GCC_WARN_64_TO_32_BIT_CONVERSION = YES;
				GCC_WARN_ABOUT_RETURN_TYPE = YES_ERROR;
				GCC_WARN_UNDECLARED_SELECTOR = YES;
				GCC_WARN_UNINITIALIZED_AUTOS = YES_AGGRESSIVE;
				GCC_WARN_UNUSED_FUNCTION = YES;
				GCC_WARN_UNUSED_VARIABLE = YES;
				IPHONEOS_DEPLOYMENT_TARGET = 12.1;
				MTL_ENABLE_DEBUG_INFO = NO;
				MTL_FAST_MATH = YES;
				SDKROOT = iphoneos;
				VALIDATE_PRODUCT = YES;
			};
			name = Release;
		};
		E72000A721DE19C700F7EB96 /* Debug */ = {
			isa = XCBuildConfiguration;
			buildSettings = {
				ASSETCATALOG_COMPILER_APPICON_NAME = AppIcon;
				CODE_SIGN_STYLE = Automatic;
				INFOPLIST_FILE = CalculatorTask/Info.plist;
				IPHONEOS_DEPLOYMENT_TARGET = 10.0;
				LD_RUNPATH_SEARCH_PATHS = (
					"$(inherited)",
					"@executable_path/Frameworks",
				);
				PRODUCT_BUNDLE_IDENTIFIER = com.pratibha.CalculatorTask;
				PRODUCT_NAME = "$(TARGET_NAME)";
				TARGETED_DEVICE_FAMILY = "1,2";
			};
			name = Debug;
		};
		E72000A821DE19C700F7EB96 /* Release */ = {
			isa = XCBuildConfiguration;
			buildSettings = {
				ASSETCATALOG_COMPILER_APPICON_NAME = AppIcon;
				CODE_SIGN_STYLE = Automatic;
				INFOPLIST_FILE = CalculatorTask/Info.plist;
				IPHONEOS_DEPLOYMENT_TARGET = 10.0;
				LD_RUNPATH_SEARCH_PATHS = (
					"$(inherited)",
					"@executable_path/Frameworks",
				);
				PRODUCT_BUNDLE_IDENTIFIER = com.pratibha.CalculatorTask;
				PRODUCT_NAME = "$(TARGET_NAME)";
				TARGETED_DEVICE_FAMILY = "1,2";
			};
			name = Release;
		};
		E72000AA21DE19C700F7EB96 /* Debug */ = {
			isa = XCBuildConfiguration;
			buildSettings = {
				BUNDLE_LOADER = "$(TEST_HOST)";
				CODE_SIGN_STYLE = Automatic;
				INFOPLIST_FILE = CalculatorTaskTests/Info.plist;
				LD_RUNPATH_SEARCH_PATHS = (
					"$(inherited)",
					"@executable_path/Frameworks",
					"@loader_path/Frameworks",
				);
				PRODUCT_BUNDLE_IDENTIFIER = com.pratibha.CalculatorTaskTests;
				PRODUCT_NAME = "$(TARGET_NAME)";
				TARGETED_DEVICE_FAMILY = "1,2";
				TEST_HOST = "$(BUILT_PRODUCTS_DIR)/CalculatorTask.app/CalculatorTask";
			};
			name = Debug;
		};
		E72000AB21DE19C700F7EB96 /* Release */ = {
			isa = XCBuildConfiguration;
			buildSettings = {
				BUNDLE_LOADER = "$(TEST_HOST)";
				CODE_SIGN_STYLE = Automatic;
				INFOPLIST_FILE = CalculatorTaskTests/Info.plist;
				LD_RUNPATH_SEARCH_PATHS = (
					"$(inherited)",
					"@executable_path/Frameworks",
					"@loader_path/Frameworks",
				);
				PRODUCT_BUNDLE_IDENTIFIER = com.pratibha.CalculatorTaskTests;
				PRODUCT_NAME = "$(TARGET_NAME)";
				TARGETED_DEVICE_FAMILY = "1,2";
				TEST_HOST = "$(BUILT_PRODUCTS_DIR)/CalculatorTask.app/CalculatorTask";
			};
			name = Release;
		};
		E72000AD21DE19C700F7EB96 /* Debug */ = {
			isa = XCBuildConfiguration;
			buildSettings = {
				CODE_SIGN_STYLE = Automatic;
				INFOPLIST_FILE = CalculatorTaskUITests/Info.plist;
				LD_RUNPATH_SEARCH_PATHS = (
					"$(inherited)",
					"@executable_path/Frameworks",
					"@loader_path/Frameworks",
				);
				PRODUCT_BUNDLE_IDENTIFIER = com.pratibha.CalculatorTaskUITests;
				PRODUCT_NAME = "$(TARGET_NAME)";
				TARGETED_DEVICE_FAMILY = "1,2";
				TEST_TARGET_NAME = CalculatorTask;
			};
			name = Debug;
		};
		E72000AE21DE19C700F7EB96 /* Release */ = {
			isa = XCBuildConfiguration;
			buildSettings = {
				CODE_SIGN_STYLE = Automatic;
				INFOPLIST_FILE = CalculatorTaskUITests/Info.plist;
				LD_RUNPATH_SEARCH_PATHS = (
					"$(inherited)",
					"@executable_path/Frameworks",
					"@loader_path/Frameworks",
				);
				PRODUCT_BUNDLE_IDENTIFIER = com.pratibha.CalculatorTaskUITests;
				PRODUCT_NAME = "$(TARGET_NAME)";
				TARGETED_DEVICE_FAMILY = "1,2";
				TEST_TARGET_NAME = CalculatorTask;
			};
			name = Release;
		};
/* End XCBuildConfiguration section */

/* Begin XCConfigurationList section */
		E720007521DE19C500F7EB96 /* Build configuration list for PBXProject "CalculatorTask" */ = {
			isa = XCConfigurationList;
			buildConfigurations = (
				E72000A421DE19C700F7EB96 /* Debug */,
				E72000A521DE19C700F7EB96 /* Release */,
			);
			defaultConfigurationIsVisible = 0;
			defaultConfigurationName = Release;
		};
		E72000A621DE19C700F7EB96 /* Build configuration list for PBXNativeTarget "CalculatorTask" */ = {
			isa = XCConfigurationList;
			buildConfigurations = (
				E72000A721DE19C700F7EB96 /* Debug */,
				E72000A821DE19C700F7EB96 /* Release */,
			);
			defaultConfigurationIsVisible = 0;
			defaultConfigurationName = Release;
		};
		E72000A921DE19C700F7EB96 /* Build configuration list for PBXNativeTarget "CalculatorTaskTests" */ = {
			isa = XCConfigurationList;
			buildConfigurations = (
				E72000AA21DE19C700F7EB96 /* Debug */,
				E72000AB21DE19C700F7EB96 /* Release */,
			);
			defaultConfigurationIsVisible = 0;
			defaultConfigurationName = Release;
		};
		E72000AC21DE19C700F7EB96 /* Build configuration list for PBXNativeTarget "CalculatorTaskUITests" */ = {
			isa = XCConfigurationList;
			buildConfigurations = (
				E72000AD21DE19C700F7EB96 /* Debug */,
				E72000AE21DE19C700F7EB96 /* Release */,
			);
			defaultConfigurationIsVisible = 0;
			defaultConfigurationName = Release;
		};
/* End XCConfigurationList section */
	};
	rootObject = E720007221DE19C500F7EB96 /* Project object */;
}
